// !$*UTF8*$!
{
	archiveVersion = 1;
	classes = {
	};
	objectVersion = 48;
	objects = {

/* Begin PBXBuildFile section */
		621B409320D4098300CBC5EC /* AppDelegate.swift in Sources */ = {isa = PBXBuildFile; fileRef = 621B409220D4098300CBC5EC /* AppDelegate.swift */; };
		621B409520D4098300CBC5EC /* ViewController.swift in Sources */ = {isa = PBXBuildFile; fileRef = 621B409420D4098300CBC5EC /* ViewController.swift */; };
		621B409720D4098300CBC5EC /* Assets.xcassets in Resources */ = {isa = PBXBuildFile; fileRef = 621B409620D4098300CBC5EC /* Assets.xcassets */; };
		621B409A20D4098300CBC5EC /* Main.storyboard in Resources */ = {isa = PBXBuildFile; fileRef = 621B409820D4098300CBC5EC /* Main.storyboard */; };
		621B40A320D40B0B00CBC5EC /* toobViewController.swift in Sources */ = {isa = PBXBuildFile; fileRef = 621B40A220D40B0B00CBC5EC /* toobViewController.swift */; };
		625CDF8F20D87A3A00571914 /* toobView.swift in Sources */ = {isa = PBXBuildFile; fileRef = 625CDF8E20D87A3A00571914 /* toobView.swift */; };
		625CDF9120D87B1D00571914 /* toobWebView.swift in Sources */ = {isa = PBXBuildFile; fileRef = 625CDF9020D87B1D00571914 /* toobWebView.swift */; };
		625CDF9520D9001B00571914 /* keys.plist in Resources */ = {isa = PBXBuildFile; fileRef = 625CDF9420D9001B00571914 /* keys.plist */; };
/* End PBXBuildFile section */

/* Begin PBXFileReference section */
		621B408F20D4098300CBC5EC /* toob.app */ = {isa = PBXFileReference; explicitFileType = wrapper.application; includeInIndex = 0; path = toob.app; sourceTree = BUILT_PRODUCTS_DIR; };
		621B409220D4098300CBC5EC /* AppDelegate.swift */ = {isa = PBXFileReference; lastKnownFileType = sourcecode.swift; path = AppDelegate.swift; sourceTree = "<group>"; };
		621B409420D4098300CBC5EC /* ViewController.swift */ = {isa = PBXFileReference; lastKnownFileType = sourcecode.swift; path = ViewController.swift; sourceTree = "<group>"; };
		621B409620D4098300CBC5EC /* Assets.xcassets */ = {isa = PBXFileReference; lastKnownFileType = folder.assetcatalog; path = Assets.xcassets; sourceTree = "<group>"; };
		621B409920D4098300CBC5EC /* Base */ = {isa = PBXFileReference; lastKnownFileType = file.storyboard; name = Base; path = Base.lproj/Main.storyboard; sourceTree = "<group>"; };
		621B409B20D4098300CBC5EC /* Info.plist */ = {isa = PBXFileReference; lastKnownFileType = text.plist.xml; path = Info.plist; sourceTree = "<group>"; };
		621B409C20D4098300CBC5EC /* toob.entitlements */ = {isa = PBXFileReference; lastKnownFileType = text.plist.entitlements; path = toob.entitlements; sourceTree = "<group>"; };
		621B40A220D40B0B00CBC5EC /* toobViewController.swift */ = {isa = PBXFileReference; lastKnownFileType = sourcecode.swift; path = toobViewController.swift; sourceTree = "<group>"; };
		625CDF8E20D87A3A00571914 /* toobView.swift */ = {isa = PBXFileReference; lastKnownFileType = sourcecode.swift; path = toobView.swift; sourceTree = "<group>"; };
		625CDF9020D87B1D00571914 /* toobWebView.swift */ = {isa = PBXFileReference; lastKnownFileType = sourcecode.swift; path = toobWebView.swift; sourceTree = "<group>"; };
		625CDF9420D9001B00571914 /* keys.plist */ = {isa = PBXFileReference; lastKnownFileType = text.plist.xml; path = keys.plist; sourceTree = "<group>"; };
/* End PBXFileReference section */

/* Begin PBXFrameworksBuildPhase section */
		621B408C20D4098300CBC5EC /* Frameworks */ = {
			isa = PBXFrameworksBuildPhase;
			buildActionMask = 2147483647;
			files = (
			);
			runOnlyForDeploymentPostprocessing = 0;
		};
/* End PBXFrameworksBuildPhase section */

/* Begin PBXGroup section */
		621B408620D4098200CBC5EC = {
			isa = PBXGroup;
			children = (
				621B409120D4098300CBC5EC /* toob */,
				621B409020D4098300CBC5EC /* Products */,
			);
			sourceTree = "<group>";
		};
		621B409020D4098300CBC5EC /* Products */ = {
			isa = PBXGroup;
			children = (
				621B408F20D4098300CBC5EC /* toob.app */,
			);
			name = Products;
			sourceTree = "<group>";
		};
		621B409120D4098300CBC5EC /* toob */ = {
			isa = PBXGroup;
			children = (
				625CDF9420D9001B00571914 /* keys.plist */,
				621B409220D4098300CBC5EC /* AppDelegate.swift */,
				621B409420D4098300CBC5EC /* ViewController.swift */,
				621B409620D4098300CBC5EC /* Assets.xcassets */,
				621B409820D4098300CBC5EC /* Main.storyboard */,
				621B40A220D40B0B00CBC5EC /* toobViewController.swift */,
				625CDF8E20D87A3A00571914 /* toobView.swift */,
				625CDF9020D87B1D00571914 /* toobWebView.swift */,
				621B409B20D4098300CBC5EC /* Info.plist */,
				621B409C20D4098300CBC5EC /* toob.entitlements */,
			);
			path = toob;
			sourceTree = "<group>";
		};
/* End PBXGroup section */

/* Begin PBXNativeTarget section */
		621B408E20D4098300CBC5EC /* toob */ = {
			isa = PBXNativeTarget;
			buildConfigurationList = 621B409F20D4098300CBC5EC /* Build configuration list for PBXNativeTarget "toob" */;
			buildPhases = (
				621B408B20D4098300CBC5EC /* Sources */,
				621B408C20D4098300CBC5EC /* Frameworks */,
				621B408D20D4098300CBC5EC /* Resources */,
			);
			buildRules = (
			);
			dependencies = (
			);
			name = toob;
			productName = toob;
			productReference = 621B408F20D4098300CBC5EC /* toob.app */;
			productType = "com.apple.product-type.application";
		};
/* End PBXNativeTarget section */

/* Begin PBXProject section */
		621B408720D4098200CBC5EC /* Project object */ = {
			isa = PBXProject;
			attributes = {
				LastSwiftUpdateCheck = 0900;
				LastUpgradeCheck = 0900;
				ORGANIZATIONNAME = "Geraint Jones";
				TargetAttributes = {
					621B408E20D4098300CBC5EC = {
						CreatedOnToolsVersion = 9.0;
					};
				};
			};
			buildConfigurationList = 621B408A20D4098200CBC5EC /* Build configuration list for PBXProject "toob" */;
			compatibilityVersion = "Xcode 8.0";
			developmentRegion = en;
			hasScannedForEncodings = 0;
			knownRegions = (
				en,
				Base,
			);
			mainGroup = 621B408620D4098200CBC5EC;
			productRefGroup = 621B409020D4098300CBC5EC /* Products */;
			projectDirPath = "";
			projectRoot = "";
			targets = (
				621B408E20D4098300CBC5EC /* toob */,
			);
		};
/* End PBXProject section */

/* Begin PBXResourcesBuildPhase section */
		621B408D20D4098300CBC5EC /* Resources */ = {
			isa = PBXResourcesBuildPhase;
			buildActionMask = 2147483647;
			files = (
				621B409720D4098300CBC5EC /* Assets.xcassets in Resources */,
				621B409A20D4098300CBC5EC /* Main.storyboard in Resources */,
				625CDF9520D9001B00571914 /* keys.plist in Resources */,
			);
			runOnlyForDeploymentPostprocessing = 0;
		};
/* End PBXResourcesBuildPhase section */

/* Begin PBXSourcesBuildPhase section */
		621B408B20D4098300CBC5EC /* Sources */ = {
			isa = PBXSourcesBuildPhase;
			buildActionMask = 2147483647;
			files = (
				625CDF8F20D87A3A00571914 /* toobView.swift in Sources */,
				621B409520D4098300CBC5EC /* ViewController.swift in Sources */,
				621B409320D4098300CBC5EC /* AppDelegate.swift in Sources */,
				625CDF9120D87B1D00571914 /* toobWebView.swift in Sources */,
				621B40A320D40B0B00CBC5EC /* toobViewController.swift in Sources */,
			);
			runOnlyForDeploymentPostprocessing = 0;
		};
/* End PBXSourcesBuildPhase section */

/* Begin PBXVariantGroup section */
		621B409820D4098300CBC5EC /* Main.storyboard */ = {
			isa = PBXVariantGroup;
			children = (
				621B409920D4098300CBC5EC /* Base */,
			);
			name = Main.storyboard;
			sourceTree = "<group>";
		};
/* End PBXVariantGroup section */

/* Begin XCBuildConfiguration section */
		621B409D20D4098300CBC5EC /* Debug */ = {
			isa = XCBuildConfiguration;
			buildSettings = {
				ALWAYS_SEARCH_USER_PATHS = NO;
				CLANG_ANALYZER_NONNULL = YES;
				CLANG_ANALYZER_NUMBER_OBJECT_CONVERSION = YES_AGGRESSIVE;
				CLANG_CXX_LANGUAGE_STANDARD = "gnu++14";
				CLANG_CXX_LIBRARY = "libc++";
				CLANG_ENABLE_MODULES = YES;
				CLANG_ENABLE_OBJC_ARC = YES;
				CLANG_WARN_BLOCK_CAPTURE_AUTORELEASING = YES;
				CLANG_WARN_BOOL_CONVERSION = YES;
				CLANG_WARN_COMMA = YES;
				CLANG_WARN_CONSTANT_CONVERSION = YES;
				CLANG_WARN_DIRECT_OBJC_ISA_USAGE = YES_ERROR;
				CLANG_WARN_DOCUMENTATION_COMMENTS = YES;
				CLANG_WARN_EMPTY_BODY = YES;
				CLANG_WARN_ENUM_CONVERSION = YES;
				CLANG_WARN_INFINITE_RECURSION = YES;
				CLANG_WARN_INT_CONVERSION = YES;
				CLANG_WARN_OBJC_ROOT_CLASS = YES_ERROR;
				CLANG_WARN_RANGE_LOOP_ANALYSIS = YES;
				CLANG_WARN_STRICT_PROTOTYPES = YES;
				CLANG_WARN_SUSPICIOUS_MOVE = YES;
				CLANG_WARN_UNGUARDED_AVAILABILITY = YES_AGGRESSIVE;
				CLANG_WARN_UNREACHABLE_CODE = YES;
				CLANG_WARN__DUPLICATE_METHOD_MATCH = YES;
				CODE_SIGN_IDENTITY = "Mac Developer";
				COPY_PHASE_STRIP = NO;
				DEBUG_INFORMATION_FORMAT = dwarf;
				ENABLE_STRICT_OBJC_MSGSEND = YES;
				ENABLE_TESTABILITY = YES;
				GCC_C_LANGUAGE_STANDARD = gnu11;
				GCC_DYNAMIC_NO_PIC = NO;
				GCC_NO_COMMON_BLOCKS = YES;
				GCC_OPTIMIZATION_LEVEL = 0;
				GCC_PREPROCESSOR_DEFINITIONS = (
					"DEBUG=1",
					"$(inherited)",
				);
				GCC_WARN_64_TO_32_BIT_CONVERSION = YES;
				GCC_WARN_ABOUT_RETURN_TYPE = YES_ERROR;
				GCC_WARN_UNDECLARED_SELECTOR = YES;
				GCC_WARN_UNINITIALIZED_AUTOS = YES_AGGRESSIVE;
				GCC_WARN_UNUSED_FUNCTION = YES;
				GCC_WARN_UNUSED_VARIABLE = YES;
				MACOSX_DEPLOYMENT_TARGET = 10.12;
				MTL_ENABLE_DEBUG_INFO = YES;
				ONLY_ACTIVE_ARCH = YES;
				SDKROOT = macosx;
				SWIFT_ACTIVE_COMPILATION_CONDITIONS = DEBUG;
				SWIFT_OPTIMIZATION_LEVEL = "-Onone";
			};
			name = Debug;
		};
		621B409E20D4098300CBC5EC /* Release */ = {
			isa = XCBuildConfiguration;
			buildSettings = {
				ALWAYS_SEARCH_USER_PATHS = NO;
				CLANG_ANALYZER_NONNULL = YES;
				CLANG_ANALYZER_NUMBER_OBJECT_CONVERSION = YES_AGGRESSIVE;
				CLANG_CXX_LANGUAGE_STANDARD = "gnu++14";
				CLANG_CXX_LIBRARY = "libc++";
				CLANG_ENABLE_MODULES = YES;
				CLANG_ENABLE_OBJC_ARC = YES;
				CLANG_WARN_BLOCK_CAPTURE_AUTORELEASING = YES;
				CLANG_WARN_BOOL_CONVERSION = YES;
				CLANG_WARN_COMMA = YES;
				CLANG_WARN_CONSTANT_CONVERSION = YES;
				CLANG_WARN_DIRECT_OBJC_ISA_USAGE = YES_ERROR;
				CLANG_WARN_DOCUMENTATION_COMMENTS = YES;
				CLANG_WARN_EMPTY_BODY = YES;
				CLANG_WARN_ENUM_CONVERSION = YES;
				CLANG_WARN_INFINITE_RECURSION = YES;
				CLANG_WARN_INT_CONVERSION = YES;
				CLANG_WARN_OBJC_ROOT_CLASS = YES_ERROR;
				CLANG_WARN_RANGE_LOOP_ANALYSIS = YES;
				CLANG_WARN_STRICT_PROTOTYPES = YES;
				CLANG_WARN_SUSPICIOUS_MOVE = YES;
				CLANG_WARN_UNGUARDED_AVAILABILITY = YES_AGGRESSIVE;
				CLANG_WARN_UNREACHABLE_CODE = YES;
				CLANG_WARN__DUPLICATE_METHOD_MATCH = YES;
				CODE_SIGN_IDENTITY = "Mac Developer";
				COPY_PHASE_STRIP = NO;
				DEBUG_INFORMATION_FORMAT = "dwarf-with-dsym";
				ENABLE_NS_ASSERTIONS = NO;
				ENABLE_STRICT_OBJC_MSGSEND = YES;
				GCC_C_LANGUAGE_STANDARD = gnu11;
				GCC_NO_COMMON_BLOCKS = YES;
				GCC_WARN_64_TO_32_BIT_CONVERSION = YES;
				GCC_WARN_ABOUT_RETURN_TYPE = YES_ERROR;
				GCC_WARN_UNDECLARED_SELECTOR = YES;
				GCC_WARN_UNINITIALIZED_AUTOS = YES_AGGRESSIVE;
				GCC_WARN_UNUSED_FUNCTION = YES;
				GCC_WARN_UNUSED_VARIABLE = YES;
				MACOSX_DEPLOYMENT_TARGET = 10.12;
				MTL_ENABLE_DEBUG_INFO = NO;
				SDKROOT = macosx;
				SWIFT_OPTIMIZATION_LEVEL = "-Owholemodule";
			};
			name = Release;
		};
		621B40A020D4098300CBC5EC /* Debug */ = {
			isa = XCBuildConfiguration;
			buildSettings = {
				ASSETCATALOG_COMPILER_APPICON_NAME = AppIcon;
				CODE_SIGN_ENTITLEMENTS = toob/toob.entitlements;
				COMBINE_HIDPI_IMAGES = YES;
				DEVELOPMENT_TEAM = K2KU5VLU5A;
				INFOPLIST_FILE = toob/Info.plist;
				LD_RUNPATH_SEARCH_PATHS = "$(inherited) @executable_path/../Frameworks";
				PRODUCT_BUNDLE_IDENTIFIER = com.geraintrjones.toob;
				PRODUCT_NAME = "$(TARGET_NAME)";
				SWIFT_VERSION = 4.0;
			};
			name = Debug;
		};
		621B40A120D4098300CBC5EC /* Release */ = {
			isa = XCBuildConfiguration;
			buildSettings = {
				ASSETCATALOG_COMPILER_APPICON_NAME = AppIcon;
				CODE_SIGN_ENTITLEMENTS = toob/toob.entitlements;
				COMBINE_HIDPI_IMAGES = YES;
				DEVELOPMENT_TEAM = K2KU5VLU5A;
				INFOPLIST_FILE = toob/Info.plist;
				LD_RUNPATH_SEARCH_PATHS = "$(inherited) @executable_path/../Frameworks";
				PRODUCT_BUNDLE_IDENTIFIER = com.geraintrjones.toob;
				PRODUCT_NAME = "$(TARGET_NAME)";
				SWIFT_VERSION = 4.0;
			};
			name = Release;
		};
/* End XCBuildConfiguration section */

/* Begin XCConfigurationList section */
		621B408A20D4098200CBC5EC /* Build configuration list for PBXProject "toob" */ = {
			isa = XCConfigurationList;
			buildConfigurations = (
				621B409D20D4098300CBC5EC /* Debug */,
				621B409E20D4098300CBC5EC /* Release */,
			);
			defaultConfigurationIsVisible = 0;
			defaultConfigurationName = Release;
		};
		621B409F20D4098300CBC5EC /* Build configuration list for PBXNativeTarget "toob" */ = {
			isa = XCConfigurationList;
			buildConfigurations = (
				621B40A020D4098300CBC5EC /* Debug */,
				621B40A120D4098300CBC5EC /* Release */,
			);
			defaultConfigurationIsVisible = 0;
			defaultConfigurationName = Release;
		};
/* End XCConfigurationList section */
	};
	rootObject = 621B408720D4098200CBC5EC /* Project object */;
}
